// !$*UTF8*$!
{
	archiveVersion = 1;
	classes = {
	};
	objectVersion = 46;
	objects = {

/* Begin PBXBuildFile section */
		9A89C7621C8048860005AA53 /* AddMailViewController.m in Sources */ = {isa = PBXBuildFile; fileRef = 9A89C7611C8048860005AA53 /* AddMailViewController.m */; };
		9ACF2AA81C7EFFB70006F29D /* main.m in Sources */ = {isa = PBXBuildFile; fileRef = 9ACF2AA71C7EFFB70006F29D /* main.m */; };
		9ACF2AAB1C7EFFB70006F29D /* AppDelegate.m in Sources */ = {isa = PBXBuildFile; fileRef = 9ACF2AAA1C7EFFB70006F29D /* AppDelegate.m */; };
		9ACF2AB11C7EFFB70006F29D /* Main.storyboard in Resources */ = {isa = PBXBuildFile; fileRef = 9ACF2AAF1C7EFFB70006F29D /* Main.storyboard */; };
		9ACF2AB31C7EFFB70006F29D /* Assets.xcassets in Resources */ = {isa = PBXBuildFile; fileRef = 9ACF2AB21C7EFFB70006F29D /* Assets.xcassets */; };
		9ACF2AB61C7EFFB70006F29D /* LaunchScreen.storyboard in Resources */ = {isa = PBXBuildFile; fileRef = 9ACF2AB41C7EFFB70006F29D /* LaunchScreen.storyboard */; };
		9ACF2AC11C7EFFB70006F29D /* MailListTests.m in Sources */ = {isa = PBXBuildFile; fileRef = 9ACF2AC01C7EFFB70006F29D /* MailListTests.m */; };
		9ACF2ACC1C7EFFB70006F29D /* MailListUITests.m in Sources */ = {isa = PBXBuildFile; fileRef = 9ACF2ACB1C7EFFB70006F29D /* MailListUITests.m */; };
		9ACF2ADB1C7F009F0006F29D /* MailListTableViewController.m in Sources */ = {isa = PBXBuildFile; fileRef = 9ACF2ADA1C7F009F0006F29D /* MailListTableViewController.m */; };
		9ACF2ADD1C7F02CC0006F29D /* data.plist in Resources */ = {isa = PBXBuildFile; fileRef = 9ACF2ADC1C7F02CC0006F29D /* data.plist */; };
		9ACF2AE01C7F04420006F29D /* MailListModel.m in Sources */ = {isa = PBXBuildFile; fileRef = 9ACF2ADF1C7F04420006F29D /* MailListModel.m */; };
		9ACF2AE31C7F05360006F29D /* MailListCell.m in Sources */ = {isa = PBXBuildFile; fileRef = 9ACF2AE21C7F05360006F29D /* MailListCell.m */; };
		9ACF2AE61C7F0A090006F29D /* MailListFrame.m in Sources */ = {isa = PBXBuildFile; fileRef = 9ACF2AE51C7F0A090006F29D /* MailListFrame.m */; };
/* End PBXBuildFile section */

/* Begin PBXContainerItemProxy section */
		9ACF2ABD1C7EFFB70006F29D /* PBXContainerItemProxy */ = {
			isa = PBXContainerItemProxy;
			containerPortal = 9ACF2A9B1C7EFFB70006F29D /* Project object */;
			proxyType = 1;
			remoteGlobalIDString = 9ACF2AA21C7EFFB70006F29D;
			remoteInfo = MailList;
		};
		9ACF2AC81C7EFFB70006F29D /* PBXContainerItemProxy */ = {
			isa = PBXContainerItemProxy;
			containerPortal = 9ACF2A9B1C7EFFB70006F29D /* Project object */;
			proxyType = 1;
			remoteGlobalIDString = 9ACF2AA21C7EFFB70006F29D;
			remoteInfo = MailList;
		};
/* End PBXContainerItemProxy section */

/* Begin PBXFileReference section */
		9A89C7601C8048860005AA53 /* AddMailViewController.h */ = {isa = PBXFileReference; fileEncoding = 4; lastKnownFileType = sourcecode.c.h; path = AddMailViewController.h; sourceTree = "<group>"; };
		9A89C7611C8048860005AA53 /* AddMailViewController.m */ = {isa = PBXFileReference; fileEncoding = 4; lastKnownFileType = sourcecode.c.objc; path = AddMailViewController.m; sourceTree = "<group>"; };
		9ACF2AA31C7EFFB70006F29D /* MailList.app */ = {isa = PBXFileReference; explicitFileType = wrapper.application; includeInIndex = 0; path = MailList.app; sourceTree = BUILT_PRODUCTS_DIR; };
		9ACF2AA71C7EFFB70006F29D /* main.m */ = {isa = PBXFileReference; lastKnownFileType = sourcecode.c.objc; path = main.m; sourceTree = "<group>"; };
		9ACF2AA91C7EFFB70006F29D /* AppDelegate.h */ = {isa = PBXFileReference; lastKnownFileType = sourcecode.c.h; path = AppDelegate.h; sourceTree = "<group>"; };
		9ACF2AAA1C7EFFB70006F29D /* AppDelegate.m */ = {isa = PBXFileReference; lastKnownFileType = sourcecode.c.objc; path = AppDelegate.m; sourceTree = "<group>"; };
		9ACF2AB01C7EFFB70006F29D /* Base */ = {isa = PBXFileReference; lastKnownFileType = file.storyboard; name = Base; path = Base.lproj/Main.storyboard; sourceTree = "<group>"; };
		9ACF2AB21C7EFFB70006F29D /* Assets.xcassets */ = {isa = PBXFileReference; lastKnownFileType = folder.assetcatalog; path = Assets.xcassets; sourceTree = "<group>"; };
		9ACF2AB51C7EFFB70006F29D /* Base */ = {isa = PBXFileReference; lastKnownFileType = file.storyboard; name = Base; path = Base.lproj/LaunchScreen.storyboard; sourceTree = "<group>"; };
		9ACF2AB71C7EFFB70006F29D /* Info.plist */ = {isa = PBXFileReference; lastKnownFileType = text.plist.xml; path = Info.plist; sourceTree = "<group>"; };
		9ACF2ABC1C7EFFB70006F29D /* MailListTests.xctest */ = {isa = PBXFileReference; explicitFileType = wrapper.cfbundle; includeInIndex = 0; path = MailListTests.xctest; sourceTree = BUILT_PRODUCTS_DIR; };
		9ACF2AC01C7EFFB70006F29D /* MailListTests.m */ = {isa = PBXFileReference; lastKnownFileType = sourcecode.c.objc; path = MailListTests.m; sourceTree = "<group>"; };
		9ACF2AC21C7EFFB70006F29D /* Info.plist */ = {isa = PBXFileReference; lastKnownFileType = text.plist.xml; path = Info.plist; sourceTree = "<group>"; };
		9ACF2AC71C7EFFB70006F29D /* MailListUITests.xctest */ = {isa = PBXFileReference; explicitFileType = wrapper.cfbundle; includeInIndex = 0; path = MailListUITests.xctest; sourceTree = BUILT_PRODUCTS_DIR; };
		9ACF2ACB1C7EFFB70006F29D /* MailListUITests.m */ = {isa = PBXFileReference; lastKnownFileType = sourcecode.c.objc; path = MailListUITests.m; sourceTree = "<group>"; };
		9ACF2ACD1C7EFFB70006F29D /* Info.plist */ = {isa = PBXFileReference; lastKnownFileType = text.plist.xml; path = Info.plist; sourceTree = "<group>"; };
		9ACF2AD91C7F009F0006F29D /* MailListTableViewController.h */ = {isa = PBXFileReference; fileEncoding = 4; lastKnownFileType = sourcecode.c.h; path = MailListTableViewController.h; sourceTree = "<group>"; };
		9ACF2ADA1C7F009F0006F29D /* MailListTableViewController.m */ = {isa = PBXFileReference; fileEncoding = 4; lastKnownFileType = sourcecode.c.objc; path = MailListTableViewController.m; sourceTree = "<group>"; };
		9ACF2ADC1C7F02CC0006F29D /* data.plist */ = {isa = PBXFileReference; fileEncoding = 4; lastKnownFileType = text.plist.xml; path = data.plist; sourceTree = "<group>"; };
		9ACF2ADE1C7F04420006F29D /* MailListModel.h */ = {isa = PBXFileReference; fileEncoding = 4; lastKnownFileType = sourcecode.c.h; path = MailListModel.h; sourceTree = "<group>"; };
		9ACF2ADF1C7F04420006F29D /* MailListModel.m */ = {isa = PBXFileReference; fileEncoding = 4; lastKnownFileType = sourcecode.c.objc; path = MailListModel.m; sourceTree = "<group>"; };
		9ACF2AE11C7F05360006F29D /* MailListCell.h */ = {isa = PBXFileReference; fileEncoding = 4; lastKnownFileType = sourcecode.c.h; path = MailListCell.h; sourceTree = "<group>"; };
		9ACF2AE21C7F05360006F29D /* MailListCell.m */ = {isa = PBXFileReference; fileEncoding = 4; lastKnownFileType = sourcecode.c.objc; path = MailListCell.m; sourceTree = "<group>"; };
		9ACF2AE41C7F0A090006F29D /* MailListFrame.h */ = {isa = PBXFileReference; fileEncoding = 4; lastKnownFileType = sourcecode.c.h; path = MailListFrame.h; sourceTree = "<group>"; };
		9ACF2AE51C7F0A090006F29D /* MailListFrame.m */ = {isa = PBXFileReference; fileEncoding = 4; lastKnownFileType = sourcecode.c.objc; path = MailListFrame.m; sourceTree = "<group>"; };
		9ACF2AE91C7F2F820006F29D /* MailList.pch */ = {isa = PBXFileReference; lastKnownFileType = sourcecode.c.h; path = MailList.pch; sourceTree = "<group>"; };
/* End PBXFileReference section */

/* Begin PBXFrameworksBuildPhase section */
		9ACF2AA01C7EFFB70006F29D /* Frameworks */ = {
			isa = PBXFrameworksBuildPhase;
			buildActionMask = 2147483647;
			files = (
			);
			runOnlyForDeploymentPostprocessing = 0;
		};
		9ACF2AB91C7EFFB70006F29D /* Frameworks */ = {
			isa = PBXFrameworksBuildPhase;
			buildActionMask = 2147483647;
			files = (
			);
			runOnlyForDeploymentPostprocessing = 0;
		};
		9ACF2AC41C7EFFB70006F29D /* Frameworks */ = {
			isa = PBXFrameworksBuildPhase;
			buildActionMask = 2147483647;
			files = (
			);
			runOnlyForDeploymentPostprocessing = 0;
		};
/* End PBXFrameworksBuildPhase section */

/* Begin PBXGroup section */
		9ACF2A9A1C7EFFB70006F29D = {
			isa = PBXGroup;
			children = (
				9ACF2AA51C7EFFB70006F29D /* MailList */,
				9ACF2ABF1C7EFFB70006F29D /* MailListTests */,
				9ACF2ACA1C7EFFB70006F29D /* MailListUITests */,
				9ACF2AA41C7EFFB70006F29D /* Products */,
			);
			sourceTree = "<group>";
		};
		9ACF2AA41C7EFFB70006F29D /* Products */ = {
			isa = PBXGroup;
			children = (
				9ACF2AA31C7EFFB70006F29D /* MailList.app */,
				9ACF2ABC1C7EFFB70006F29D /* MailListTests.xctest */,
				9ACF2AC71C7EFFB70006F29D /* MailListUITests.xctest */,
			);
			name = Products;
			sourceTree = "<group>";
		};
		9ACF2AA51C7EFFB70006F29D /* MailList */ = {
			isa = PBXGroup;
			children = (
				9ACF2AA91C7EFFB70006F29D /* AppDelegate.h */,
				9ACF2AAA1C7EFFB70006F29D /* AppDelegate.m */,
				9ACF2ADE1C7F04420006F29D /* MailListModel.h */,
				9ACF2ADF1C7F04420006F29D /* MailListModel.m */,
				9ACF2AE41C7F0A090006F29D /* MailListFrame.h */,
				9ACF2AE51C7F0A090006F29D /* MailListFrame.m */,
				9ACF2AE11C7F05360006F29D /* MailListCell.h */,
				9ACF2AE21C7F05360006F29D /* MailListCell.m */,
				9ACF2AD91C7F009F0006F29D /* MailListTableViewController.h */,
				9ACF2ADA1C7F009F0006F29D /* MailListTableViewController.m */,
				9A89C7601C8048860005AA53 /* AddMailViewController.h */,
				9A89C7611C8048860005AA53 /* AddMailViewController.m */,
				9ACF2AAF1C7EFFB70006F29D /* Main.storyboard */,
				9ACF2AB21C7EFFB70006F29D /* Assets.xcassets */,
				9ACF2AB41C7EFFB70006F29D /* LaunchScreen.storyboard */,
				9ACF2AB71C7EFFB70006F29D /* Info.plist */,
				9ACF2ADC1C7F02CC0006F29D /* data.plist */,
				9ACF2AA61C7EFFB70006F29D /* Supporting Files */,
				9ACF2AE91C7F2F820006F29D /* MailList.pch */,
			);
			path = MailList;
			sourceTree = "<group>";
		};
		9ACF2AA61C7EFFB70006F29D /* Supporting Files */ = {
			isa = PBXGroup;
			children = (
				9ACF2AA71C7EFFB70006F29D /* main.m */,
			);
			name = "Supporting Files";
			sourceTree = "<group>";
		};
		9ACF2ABF1C7EFFB70006F29D /* MailListTests */ = {
			isa = PBXGroup;
			children = (
				9ACF2AC01C7EFFB70006F29D /* MailListTests.m */,
				9ACF2AC21C7EFFB70006F29D /* Info.plist */,
			);
			path = MailListTests;
			sourceTree = "<group>";
		};
		9ACF2ACA1C7EFFB70006F29D /* MailListUITests */ = {
			isa = PBXGroup;
			children = (
				9ACF2ACB1C7EFFB70006F29D /* MailListUITests.m */,
				9ACF2ACD1C7EFFB70006F29D /* Info.plist */,
			);
			path = MailListUITests;
			sourceTree = "<group>";
		};
/* End PBXGroup section */

/* Begin PBXNativeTarget section */
		9ACF2AA21C7EFFB70006F29D /* MailList */ = {
			isa = PBXNativeTarget;
			buildConfigurationList = 9ACF2AD01C7EFFB70006F29D /* Build configuration list for PBXNativeTarget "MailList" */;
			buildPhases = (
				9ACF2A9F1C7EFFB70006F29D /* Sources */,
				9ACF2AA01C7EFFB70006F29D /* Frameworks */,
				9ACF2AA11C7EFFB70006F29D /* Resources */,
			);
			buildRules = (
			);
			dependencies = (
			);
			name = MailList;
			productName = MailList;
			productReference = 9ACF2AA31C7EFFB70006F29D /* MailList.app */;
			productType = "com.apple.product-type.application";
		};
		9ACF2ABB1C7EFFB70006F29D /* MailListTests */ = {
			isa = PBXNativeTarget;
			buildConfigurationList = 9ACF2AD31C7EFFB70006F29D /* Build configuration list for PBXNativeTarget "MailListTests" */;
			buildPhases = (
				9ACF2AB81C7EFFB70006F29D /* Sources */,
				9ACF2AB91C7EFFB70006F29D /* Frameworks */,
				9ACF2ABA1C7EFFB70006F29D /* Resources */,
			);
			buildRules = (
			);
			dependencies = (
				9ACF2ABE1C7EFFB70006F29D /* PBXTargetDependency */,
			);
			name = MailListTests;
			productName = MailListTests;
			productReference = 9ACF2ABC1C7EFFB70006F29D /* MailListTests.xctest */;
			productType = "com.apple.product-type.bundle.unit-test";
		};
		9ACF2AC61C7EFFB70006F29D /* MailListUITests */ = {
			isa = PBXNativeTarget;
			buildConfigurationList = 9ACF2AD61C7EFFB70006F29D /* Build configuration list for PBXNativeTarget "MailListUITests" */;
			buildPhases = (
				9ACF2AC31C7EFFB70006F29D /* Sources */,
				9ACF2AC41C7EFFB70006F29D /* Frameworks */,
				9ACF2AC51C7EFFB70006F29D /* Resources */,
			);
			buildRules = (
			);
			dependencies = (
				9ACF2AC91C7EFFB70006F29D /* PBXTargetDependency */,
			);
			name = MailListUITests;
			productName = MailListUITests;
			productReference = 9ACF2AC71C7EFFB70006F29D /* MailListUITests.xctest */;
			productType = "com.apple.product-type.bundle.ui-testing";
		};
/* End PBXNativeTarget section */

/* Begin PBXProject section */
		9ACF2A9B1C7EFFB70006F29D /* Project object */ = {
			isa = PBXProject;
			attributes = {
				LastUpgradeCheck = 0710;
				ORGANIZATIONNAME = MacMini;
				TargetAttributes = {
					9ACF2AA21C7EFFB70006F29D = {
						CreatedOnToolsVersion = 7.1.1;
					};
					9ACF2ABB1C7EFFB70006F29D = {
						CreatedOnToolsVersion = 7.1.1;
						TestTargetID = 9ACF2AA21C7EFFB70006F29D;
					};
					9ACF2AC61C7EFFB70006F29D = {
						CreatedOnToolsVersion = 7.1.1;
						TestTargetID = 9ACF2AA21C7EFFB70006F29D;
					};
				};
			};
			buildConfigurationList = 9ACF2A9E1C7EFFB70006F29D /* Build configuration list for PBXProject "MailList" */;
			compatibilityVersion = "Xcode 3.2";
			developmentRegion = English;
			hasScannedForEncodings = 0;
			knownRegions = (
				en,
				Base,
			);
			mainGroup = 9ACF2A9A1C7EFFB70006F29D;
			productRefGroup = 9ACF2AA41C7EFFB70006F29D /* Products */;
			projectDirPath = "";
			projectRoot = "";
			targets = (
				9ACF2AA21C7EFFB70006F29D /* MailList */,
				9ACF2ABB1C7EFFB70006F29D /* MailListTests */,
				9ACF2AC61C7EFFB70006F29D /* MailListUITests */,
			);
		};
/* End PBXProject section */

/* Begin PBXResourcesBuildPhase section */
		9ACF2AA11C7EFFB70006F29D /* Resources */ = {
			isa = PBXResourcesBuildPhase;
			buildActionMask = 2147483647;
			files = (
				9ACF2AB61C7EFFB70006F29D /* LaunchScreen.storyboard in Resources */,
				9ACF2AB31C7EFFB70006F29D /* Assets.xcassets in Resources */,
				9ACF2ADD1C7F02CC0006F29D /* data.plist in Resources */,
				9ACF2AB11C7EFFB70006F29D /* Main.storyboard in Resources */,
			);
			runOnlyForDeploymentPostprocessing = 0;
		};
		9ACF2ABA1C7EFFB70006F29D /* Resources */ = {
			isa = PBXResourcesBuildPhase;
			buildActionMask = 2147483647;
			files = (
			);
			runOnlyForDeploymentPostprocessing = 0;
		};
		9ACF2AC51C7EFFB70006F29D /* Resources */ = {
			isa = PBXResourcesBuildPhase;
			buildActionMask = 2147483647;
			files = (
			);
			runOnlyForDeploymentPostprocessing = 0;
		};
/* End PBXResourcesBuildPhase section */

/* Begin PBXSourcesBuildPhase section */
		9ACF2A9F1C7EFFB70006F29D /* Sources */ = {
			isa = PBXSourcesBuildPhase;
			buildActionMask = 2147483647;
			files = (
				9ACF2ADB1C7F009F0006F29D /* MailListTableViewController.m in Sources */,
				9A89C7621C8048860005AA53 /* AddMailViewController.m in Sources */,
				9ACF2AAB1C7EFFB70006F29D /* AppDelegate.m in Sources */,
				9ACF2AE61C7F0A090006F29D /* MailListFrame.m in Sources */,
				9ACF2AE31C7F05360006F29D /* MailListCell.m in Sources */,
				9ACF2AE01C7F04420006F29D /* MailListModel.m in Sources */,
				9ACF2AA81C7EFFB70006F29D /* main.m in Sources */,
			);
			runOnlyForDeploymentPostprocessing = 0;
		};
		9ACF2AB81C7EFFB70006F29D /* Sources */ = {
			isa = PBXSourcesBuildPhase;
			buildActionMask = 2147483647;
			files = (
				9ACF2AC11C7EFFB70006F29D /* MailListTests.m in Sources */,
			);
			runOnlyForDeploymentPostprocessing = 0;
		};
		9ACF2AC31C7EFFB70006F29D /* Sources */ = {
			isa = PBXSourcesBuildPhase;
			buildActionMask = 2147483647;
			files = (
				9ACF2ACC1C7EFFB70006F29D /* MailListUITests.m in Sources */,
			);
			runOnlyForDeploymentPostprocessing = 0;
		};
/* End PBXSourcesBuildPhase section */

/* Begin PBXTargetDependency section */
		9ACF2ABE1C7EFFB70006F29D /* PBXTargetDependency */ = {
			isa = PBXTargetDependency;
			target = 9ACF2AA21C7EFFB70006F29D /* MailList */;
			targetProxy = 9ACF2ABD1C7EFFB70006F29D /* PBXContainerItemProxy */;
		};
		9ACF2AC91C7EFFB70006F29D /* PBXTargetDependency */ = {
			isa = PBXTargetDependency;
			target = 9ACF2AA21C7EFFB70006F29D /* MailList */;
			targetProxy = 9ACF2AC81C7EFFB70006F29D /* PBXContainerItemProxy */;
		};
/* End PBXTargetDependency section */

/* Begin PBXVariantGroup section */
		9ACF2AAF1C7EFFB70006F29D /* Main.storyboard */ = {
			isa = PBXVariantGroup;
			children = (
				9ACF2AB01C7EFFB70006F29D /* Base */,
			);
			name = Main.storyboard;
			sourceTree = "<group>";
		};
		9ACF2AB41C7EFFB70006F29D /* LaunchScreen.storyboard */ = {
			isa = PBXVariantGroup;
			children = (
				9ACF2AB51C7EFFB70006F29D /* Base */,
			);
			name = LaunchScreen.storyboard;
			sourceTree = "<group>";
		};
/* End PBXVariantGroup section */

/* Begin XCBuildConfiguration section */
		9ACF2ACE1C7EFFB70006F29D /* Debug */ = {
			isa = XCBuildConfiguration;
			buildSettings = {
				ALWAYS_SEARCH_USER_PATHS = NO;
				CLANG_CXX_LANGUAGE_STANDARD = "gnu++0x";
				CLANG_CXX_LIBRARY = "libc++";
				CLANG_ENABLE_MODULES = YES;
				CLANG_ENABLE_OBJC_ARC = YES;
				CLANG_WARN_BOOL_CONVERSION = YES;
				CLANG_WARN_CONSTANT_CONVERSION = YES;
				CLANG_WARN_DIRECT_OBJC_ISA_USAGE = YES_ERROR;
				CLANG_WARN_EMPTY_BODY = YES;
				CLANG_WARN_ENUM_CONVERSION = YES;
				CLANG_WARN_INT_CONVERSION = YES;
				CLANG_WARN_OBJC_ROOT_CLASS = YES_ERROR;
				CLANG_WARN_UNREACHABLE_CODE = YES;
				CLANG_WARN__DUPLICATE_METHOD_MATCH = YES;
				"CODE_SIGN_IDENTITY[sdk=iphoneos*]" = "iPhone Developer";
				COPY_PHASE_STRIP = NO;
				DEBUG_INFORMATION_FORMAT = dwarf;
				ENABLE_STRICT_OBJC_MSGSEND = YES;
				ENABLE_TESTABILITY = YES;
				GCC_C_LANGUAGE_STANDARD = gnu99;
				GCC_DYNAMIC_NO_PIC = NO;
				GCC_NO_COMMON_BLOCKS = YES;
				GCC_OPTIMIZATION_LEVEL = 0;
				GCC_PREPROCESSOR_DEFINITIONS = (
					"DEBUG=1",
					"$(inherited)",
				);
				GCC_WARN_64_TO_32_BIT_CONVERSION = YES;
				GCC_WARN_ABOUT_RETURN_TYPE = YES_ERROR;
				GCC_WARN_UNDECLARED_SELECTOR = YES;
				GCC_WARN_UNINITIALIZED_AUTOS = YES_AGGRESSIVE;
				GCC_WARN_UNUSED_FUNCTION = YES;
				GCC_WARN_UNUSED_VARIABLE = YES;
				IPHONEOS_DEPLOYMENT_TARGET = 9.1;
				MTL_ENABLE_DEBUG_INFO = YES;
				ONLY_ACTIVE_ARCH = YES;
				SDKROOT = iphoneos;
			};
			name = Debug;
		};
		9ACF2ACF1C7EFFB70006F29D /* Release */ = {
			isa = XCBuildConfiguration;
			buildSettings = {
				ALWAYS_SEARCH_USER_PATHS = NO;
				CLANG_CXX_LANGUAGE_STANDARD = "gnu++0x";
				CLANG_CXX_LIBRARY = "libc++";
				CLANG_ENABLE_MODULES = YES;
				CLANG_ENABLE_OBJC_ARC = YES;
				CLANG_WARN_BOOL_CONVERSION = YES;
				CLANG_WARN_CONSTANT_CONVERSION = YES;
				CLANG_WARN_DIRECT_OBJC_ISA_USAGE = YES_ERROR;
				CLANG_WARN_EMPTY_BODY = YES;
				CLANG_WARN_ENUM_CONVERSION = YES;
				CLANG_WARN_INT_CONVERSION = YES;
				CLANG_WARN_OBJC_ROOT_CLASS = YES_ERROR;
				CLANG_WARN_UNREACHABLE_CODE = YES;
				CLANG_WARN__DUPLICATE_METHOD_MATCH = YES;
				"CODE_SIGN_IDENTITY[sdk=iphoneos*]" = "iPhone Developer";
				COPY_PHASE_STRIP = NO;
				DEBUG_INFORMATION_FORMAT = "dwarf-with-dsym";
				ENABLE_NS_ASSERTIONS = NO;
				ENABLE_STRICT_OBJC_MSGSEND = YES;
				GCC_C_LANGUAGE_STANDARD = gnu99;
				GCC_NO_COMMON_BLOCKS = YES;
				GCC_WARN_64_TO_32_BIT_CONVERSION = YES;
				GCC_WARN_ABOUT_RETURN_TYPE = YES_ERROR;
				GCC_WARN_UNDECLARED_SELECTOR = YES;
				GCC_WARN_UNINITIALIZED_AUTOS = YES_AGGRESSIVE;
				GCC_WARN_UNUSED_FUNCTION = YES;
				GCC_WARN_UNUSED_VARIABLE = YES;
				IPHONEOS_DEPLOYMENT_TARGET = 9.1;
				MTL_ENABLE_DEBUG_INFO = NO;
				SDKROOT = iphoneos;
				VALIDATE_PRODUCT = YES;
			};
			name = Release;
		};
		9ACF2AD11C7EFFB70006F29D /* Debug */ = {
			isa = XCBuildConfiguration;
			buildSettings = {
				ASSETCATALOG_COMPILER_APPICON_NAME = AppIcon;
				GCC_PRECOMPILE_PREFIX_HEADER = YES;
				GCC_PREFIX_HEADER = /Users/macmini/Documents/zxcode/MailList/MailList/MailList.pch;
				INFOPLIST_FILE = MailList/Info.plist;
				LD_RUNPATH_SEARCH_PATHS = "$(inherited) @executable_path/Frameworks";
				PRODUCT_BUNDLE_IDENTIFIER = zhoux.MailList;
				PRODUCT_NAME = "$(TARGET_NAME)";
			};
			name = Debug;
		};
		9ACF2AD21C7EFFB70006F29D /* Release */ = {
			isa = XCBuildConfiguration;
			buildSettings = {
				ASSETCATALOG_COMPILER_APPICON_NAME = AppIcon;
				GCC_PRECOMPILE_PREFIX_HEADER = YES;
				GCC_PREFIX_HEADER = /Users/macmini/Documents/zxcode/MailList/MailList/MailList.pch;
				INFOPLIST_FILE = MailList/Info.plist;
				LD_RUNPATH_SEARCH_PATHS = "$(inherited) @executable_path/Frameworks";
				PRODUCT_BUNDLE_IDENTIFIER = zhoux.MailList;
				PRODUCT_NAME = "$(TARGET_NAME)";
			};
			name = Release;
		};
		9ACF2AD41C7EFFB70006F29D /* Debug */ = {
			isa = XCBuildConfiguration;
			buildSettings = {
				BUNDLE_LOADER = "$(TEST_HOST)";
				INFOPLIST_FILE = MailListTests/Info.plist;
				LD_RUNPATH_SEARCH_PATHS = "$(inherited) @executable_path/Frameworks @loader_path/Frameworks";
				PRODUCT_BUNDLE_IDENTIFIER = zhoux.MailListTests;
				PRODUCT_NAME = "$(TARGET_NAME)";
				TEST_HOST = "$(BUILT_PRODUCTS_DIR)/MailList.app/MailList";
			};
			name = Debug;
		};
		9ACF2AD51C7EFFB70006F29D /* Release */ = {
			isa = XCBuildConfiguration;
			buildSettings = {
				BUNDLE_LOADER = "$(TEST_HOST)";
				INFOPLIST_FILE = MailListTests/Info.plist;
				LD_RUNPATH_SEARCH_PATHS = "$(inherited) @executable_path/Frameworks @loader_path/Frameworks";
				PRODUCT_BUNDLE_IDENTIFIER = zhoux.MailListTests;
				PRODUCT_NAME = "$(TARGET_NAME)";
				TEST_HOST = "$(BUILT_PRODUCTS_DIR)/MailList.app/MailList";
			};
			name = Release;
		};
		9ACF2AD71C7EFFB70006F29D /* Debug */ = {
			isa = XCBuildConfiguration;
			buildSettings = {
				INFOPLIST_FILE = MailListUITests/Info.plist;
				LD_RUNPATH_SEARCH_PATHS = "$(inherited) @executable_path/Frameworks @loader_path/Frameworks";
				PRODUCT_BUNDLE_IDENTIFIER = zhoux.MailListUITests;
				PRODUCT_NAME = "$(TARGET_NAME)";
				TEST_TARGET_NAME = MailList;
				USES_XCTRUNNER = YES;
			};
			name = Debug;
		};
		9ACF2AD81C7EFFB70006F29D /* Release */ = {
			isa = XCBuildConfiguration;
			buildSettings = {
				INFOPLIST_FILE = MailListUITests/Info.plist;
				LD_RUNPATH_SEARCH_PATHS = "$(inherited) @executable_path/Frameworks @loader_path/Frameworks";
				PRODUCT_BUNDLE_IDENTIFIER = zhoux.MailListUITests;
				PRODUCT_NAME = "$(TARGET_NAME)";
				TEST_TARGET_NAME = MailList;
				USES_XCTRUNNER = YES;
			};
			name = Release;
		};
/* End XCBuildConfiguration section */

/* Begin XCConfigurationList section */
		9ACF2A9E1C7EFFB70006F29D /* Build configuration list for PBXProject "MailList" */ = {
			isa = XCConfigurationList;
			buildConfigurations = (
				9ACF2ACE1C7EFFB70006F29D /* Debug */,
				9ACF2ACF1C7EFFB70006F29D /* Release */,
			);
			defaultConfigurationIsVisible = 0;
			defaultConfigurationName = Release;
		};
		9ACF2AD01C7EFFB70006F29D /* Build configuration list for PBXNativeTarget "MailList" */ = {
			isa = XCConfigurationList;
			buildConfigurations = (
				9ACF2AD11C7EFFB70006F29D /* Debug */,
				9ACF2AD21C7EFFB70006F29D /* Release */,
			);
			defaultConfigurationIsVisible = 0;
			defaultConfigurationName = Release;
		};
		9ACF2AD31C7EFFB70006F29D /* Build configuration list for PBXNativeTarget "MailListTests" */ = {
			isa = XCConfigurationList;
			buildConfigurations = (
				9ACF2AD41C7EFFB70006F29D /* Debug */,
				9ACF2AD51C7EFFB70006F29D /* Release */,
			);
			defaultConfigurationIsVisible = 0;
			defaultConfigurationName = Release;
		};
		9ACF2AD61C7EFFB70006F29D /* Build configuration list for PBXNativeTarget "MailListUITests" */ = {
			isa = XCConfigurationList;
			buildConfigurations = (
				9ACF2AD71C7EFFB70006F29D /* Debug */,
				9ACF2AD81C7EFFB70006F29D /* Release */,
			);
			defaultConfigurationIsVisible = 0;
			defaultConfigurationName = Release;
		};
/* End XCConfigurationList section */
	};
	rootObject = 9ACF2A9B1C7EFFB70006F29D /* Project object */;
}
